# generated by rye
# use `rye lock` or `rye sync` to update this lockfile
#
# last locked with the following flags:
#   pre: false
#   features: []
#   all-features: false
#   with-sources: false
#   generate-hashes: false
#   universal: false

-e file:.
annotated-types==0.7.0
    # via pydantic
cachetools==5.4.0
    # via google-auth
certifi==2024.7.4
    # via requests
charset-normalizer==3.3.2
    # via requests
docstring-parser==0.16
    # via google-cloud-aiplatform
google-api-core==2.19.1
    # via google-cloud-aiplatform
    # via google-cloud-bigquery
    # via google-cloud-core
    # via google-cloud-resource-manager
    # via google-cloud-storage
google-auth==2.33.0
    # via google-api-core
    # via google-cloud-aiplatform
    # via google-cloud-bigquery
    # via google-cloud-core
    # via google-cloud-resource-manager
    # via google-cloud-storage
google-cloud-aiplatform==1.62.0
    # via langchain-google-vertexai
google-cloud-bigquery==3.25.0
    # via google-cloud-aiplatform
google-cloud-core==2.4.1
    # via google-cloud-bigquery
    # via google-cloud-storage
google-cloud-resource-manager==1.12.5
    # via google-cloud-aiplatform
google-cloud-storage==2.18.2
    # via google-cloud-aiplatform
    # via langchain-google-vertexai
google-crc32c==1.5.0
    # via google-cloud-storage
    # via google-resumable-media
google-resumable-media==2.7.2
    # via google-cloud-bigquery
    # via google-cloud-storage
googleapis-common-protos==1.63.2
    # via google-api-core
    # via grpc-google-iam-v1
    # via grpcio-status
grpc-google-iam-v1==0.13.1
    # via google-cloud-resource-manager
grpcio==1.65.4
    # via google-api-core
    # via googleapis-common-protos
    # via grpc-google-iam-v1
    # via grpcio-status
grpcio-status==1.65.4
    # via google-api-core
idna==3.7
    # via requests
jsonpatch==1.33
    # via langchain-core
jsonpointer==3.0.0
    # via jsonpatch
langchain-core==0.2.32
    # via langchain-google-vertexai
langchain-google-vertexai==1.0.8
    # via llm-translator
langsmith==0.1.99
    # via langchain-core
numpy==2.0.1
    # via shapely
orjson==3.10.7
    # via langsmith
packaging==24.1
    # via google-cloud-aiplatform
    # via google-cloud-bigquery
    # via langchain-core
proto-plus==1.24.0
    # via google-api-core
    # via google-cloud-aiplatform
    # via google-cloud-resource-manager
protobuf==5.27.3
    # via google-api-core
    # via google-cloud-aiplatform
    # via google-cloud-resource-manager
    # via googleapis-common-protos
    # via grpc-google-iam-v1
    # via grpcio-status
    # via proto-plus
pyasn1==0.6.0
    # via pyasn1-modules
    # via rsa
pyasn1-modules==0.4.0
    # via google-auth
pydantic==2.8.2
    # via google-cloud-aiplatform
    # via langchain-core
    # via langsmith
pydantic-core==2.20.1
    # via pydantic
python-dateutil==2.9.0.post0
    # via google-cloud-bigquery
pyyaml==6.0.2
    # via langchain-core
requests==2.32.3
    # via google-api-core
    # via google-cloud-bigquery
    # via google-cloud-storage
    # via langsmith
rsa==4.9
    # via google-auth
shapely==2.0.5
    # via google-cloud-aiplatform
six==1.16.0
    # via python-dateutil
tenacity==8.5.0
    # via langchain-core
typing-extensions==4.12.2
    # via langchain-core
    # via pydantic
    # via pydantic-core
urllib3==2.2.2
    # via requests
